
Microsoft Visual Studio Solution File, Format Version 12.00
# Visual Studio Version 17
VisualStudioVersion = 17.1.32421.90
MinimumVisualStudioVersion = 10.0.40219.1
Project("{2150E333-8FDC-42A3-9474-1A3956D46DE8}") = "Creational", "Creational", "{113F5E6E-F3B1-4AD5-8E7D-16E4A123224A}"
EndProject
Project("{2150E333-8FDC-42A3-9474-1A3956D46DE8}") = "Structural", "Structural", "{973442C4-FB0F-4FEA-BB1E-F685D92AA26E}"
EndProject
Project("{2150E333-8FDC-42A3-9474-1A3956D46DE8}") = "Behavioral", "Behavioral", "{13E8A4A2-3B06-4F73-9296-77B05383FA7E}"
EndProject
Project("{9A19103F-16F7-4668-BE54-9A1E7A4F7556}") = "SingletonPattern", "Creational\SingletonPattern\SingletonPattern.csproj", "{1F4F1E7C-7D9C-4A47-9CC2-4BD0CB48569B}"
EndProject
Project("{9A19103F-16F7-4668-BE54-9A1E7A4F7556}") = "AbstractFactoryPattern", "Creational\AbstractFactoryPattern\AbstractFactoryPattern.csproj", "{1D627340-8308-47F6-A78D-B46EAA2D8878}"
EndProject
Project("{9A19103F-16F7-4668-BE54-9A1E7A4F7556}") = "FactoryMethodPattern", "Creational\FactoryMethodPattern\FactoryMethodPattern.csproj", "{834F1539-6915-46F7-9D47-4331CF6E8F6E}"
EndProject
Project("{9A19103F-16F7-4668-BE54-9A1E7A4F7556}") = "BuilderPattern", "Creational\BuilderPattern\BuilderPattern.csproj", "{3446D2D7-0266-43C0-9268-31BD9BA12A89}"
EndProject
Project("{FAE04EC0-301F-11D3-BF4B-00C04F79EFBC}") = "PropertyPattern", "Creational\PropertyPattern\PropertyPattern.csproj", "{972B4F5F-31B2-4F42-865D-CF97E5A9042E}"
EndProject
Global
	GlobalSection(SolutionConfigurationPlatforms) = preSolution
		Debug|Any CPU = Debug|Any CPU
		Release|Any CPU = Release|Any CPU
	EndGlobalSection
	GlobalSection(ProjectConfigurationPlatforms) = postSolution
		{1F4F1E7C-7D9C-4A47-9CC2-4BD0CB48569B}.Debug|Any CPU.ActiveCfg = Debug|Any CPU
		{1F4F1E7C-7D9C-4A47-9CC2-4BD0CB48569B}.Debug|Any CPU.Build.0 = Debug|Any CPU
		{1F4F1E7C-7D9C-4A47-9CC2-4BD0CB48569B}.Release|Any CPU.ActiveCfg = Release|Any CPU
		{1F4F1E7C-7D9C-4A47-9CC2-4BD0CB48569B}.Release|Any CPU.Build.0 = Release|Any CPU
		{1D627340-8308-47F6-A78D-B46EAA2D8878}.Debug|Any CPU.ActiveCfg = Debug|Any CPU
		{1D627340-8308-47F6-A78D-B46EAA2D8878}.Debug|Any CPU.Build.0 = Debug|Any CPU
		{1D627340-8308-47F6-A78D-B46EAA2D8878}.Release|Any CPU.ActiveCfg = Release|Any CPU
		{1D627340-8308-47F6-A78D-B46EAA2D8878}.Release|Any CPU.Build.0 = Release|Any CPU
		{834F1539-6915-46F7-9D47-4331CF6E8F6E}.Debug|Any CPU.ActiveCfg = Debug|Any CPU
		{834F1539-6915-46F7-9D47-4331CF6E8F6E}.Debug|Any CPU.Build.0 = Debug|Any CPU
		{834F1539-6915-46F7-9D47-4331CF6E8F6E}.Release|Any CPU.ActiveCfg = Release|Any CPU
		{834F1539-6915-46F7-9D47-4331CF6E8F6E}.Release|Any CPU.Build.0 = Release|Any CPU
		{3446D2D7-0266-43C0-9268-31BD9BA12A89}.Debug|Any CPU.ActiveCfg = Debug|Any CPU
		{3446D2D7-0266-43C0-9268-31BD9BA12A89}.Debug|Any CPU.Build.0 = Debug|Any CPU
		{3446D2D7-0266-43C0-9268-31BD9BA12A89}.Release|Any CPU.ActiveCfg = Release|Any CPU
		{3446D2D7-0266-43C0-9268-31BD9BA12A89}.Release|Any CPU.Build.0 = Release|Any CPU
		{972B4F5F-31B2-4F42-865D-CF97E5A9042E}.Debug|Any CPU.ActiveCfg = Debug|Any CPU
		{972B4F5F-31B2-4F42-865D-CF97E5A9042E}.Debug|Any CPU.Build.0 = Debug|Any CPU
		{972B4F5F-31B2-4F42-865D-CF97E5A9042E}.Release|Any CPU.ActiveCfg = Release|Any CPU
		{972B4F5F-31B2-4F42-865D-CF97E5A9042E}.Release|Any CPU.Build.0 = Release|Any CPU
	EndGlobalSection
	GlobalSection(SolutionProperties) = preSolution
		HideSolutionNode = FALSE
	EndGlobalSection
	GlobalSection(NestedProjects) = preSolution
		{1F4F1E7C-7D9C-4A47-9CC2-4BD0CB48569B} = {113F5E6E-F3B1-4AD5-8E7D-16E4A123224A}
		{1D627340-8308-47F6-A78D-B46EAA2D8878} = {113F5E6E-F3B1-4AD5-8E7D-16E4A123224A}
		{834F1539-6915-46F7-9D47-4331CF6E8F6E} = {113F5E6E-F3B1-4AD5-8E7D-16E4A123224A}
		{3446D2D7-0266-43C0-9268-31BD9BA12A89} = {113F5E6E-F3B1-4AD5-8E7D-16E4A123224A}
		{972B4F5F-31B2-4F42-865D-CF97E5A9042E} = {113F5E6E-F3B1-4AD5-8E7D-16E4A123224A}
	EndGlobalSection
	GlobalSection(ExtensibilityGlobals) = postSolution
		SolutionGuid = {86ADC084-455F-4420-93EC-96376F36B3BA}
	EndGlobalSection
EndGlobal
